{
  "name": "@thnetii/eslint-config-workspace-root",
  "version": "0.0.0",
  "lockfileVersion": 2,
  "requires": true,
  "packages": {
    "": {
      "name": "@thnetii/eslint-config-workspace-root",
      "version": "0.0.0",
      "license": "MIT",
      "workspaces": [
        "src/*"
      ]
    },
    "node_modules/@thnetii/eslint-config-node-base": {
      "resolved": "src/eslint-config-node-base",
      "link": true
    },
    "src/eslint-config-node-base": {
      "name": "@thnetii/eslint-config-node-base",
      "version": "0.0.0",
      "license": "MIT"
    }
  },
  "dependencies": {
    "@thnetii/eslint-config-node-base": {
      "version": "file:src/eslint-config-node-base"
    }
  }
}
